Microsoft Visual Studio Solution File, Format Version 11.00
# Visual Studio 2008

Project("{AA36DC6E-81E2-AC7A-D03E-12FEDCB6A2C0}") = "mdp", "Assembly-CSharp-firstpass-vs.csproj", "{BB1E9E20-5117-875C-586F-CD901404DD87}"
EndProject
Project("{AA36DC6E-81E2-AC7A-D03E-12FEDCB6A2C0}") = "mdp", "Assembly-CSharp-vs.csproj", "{F5A578D3-7AFC-40AA-838B-68396ADAE2D6}"
EndProject
Project("{AA36DC6E-81E2-AC7A-D03E-12FEDCB6A2C0}") = "mdp", "Assembly-CSharp-Editor-vs.csproj", "{2B412EAA-3338-FFF3-5CFA-81B372F0F15C}"
EndProject
Global
	GlobalSection(SolutionConfigurationPlatforms) = preSolution
		Debug|Any CPU = Debug|Any CPU
		Release|Any CPU = Release|Any CPU
	EndGlobalSection
	GlobalSection(ProjectConfigurationPlatforms) = postSolution
		{BB1E9E20-5117-875C-586F-CD901404DD87}.Debug|Any CPU.ActiveCfg = Debug|Any CPU
		{BB1E9E20-5117-875C-586F-CD901404DD87}.Debug|Any CPU.Build.0 = Debug|Any CPU
		{BB1E9E20-5117-875C-586F-CD901404DD87}.Release|Any CPU.ActiveCfg = Release|Any CPU
		{BB1E9E20-5117-875C-586F-CD901404DD87}.Release|Any CPU.Build.0 = Release|Any CPU
		{F5A578D3-7AFC-40AA-838B-68396ADAE2D6}.Debug|Any CPU.ActiveCfg = Debug|Any CPU
		{F5A578D3-7AFC-40AA-838B-68396ADAE2D6}.Debug|Any CPU.Build.0 = Debug|Any CPU
		{F5A578D3-7AFC-40AA-838B-68396ADAE2D6}.Release|Any CPU.ActiveCfg = Release|Any CPU
		{F5A578D3-7AFC-40AA-838B-68396ADAE2D6}.Release|Any CPU.Build.0 = Release|Any CPU
		{2B412EAA-3338-FFF3-5CFA-81B372F0F15C}.Debug|Any CPU.ActiveCfg = Debug|Any CPU
		{2B412EAA-3338-FFF3-5CFA-81B372F0F15C}.Debug|Any CPU.Build.0 = Debug|Any CPU
		{2B412EAA-3338-FFF3-5CFA-81B372F0F15C}.Release|Any CPU.ActiveCfg = Release|Any CPU
		{2B412EAA-3338-FFF3-5CFA-81B372F0F15C}.Release|Any CPU.Build.0 = Release|Any CPU
	EndGlobalSection
	GlobalSection(SolutionProperties) = preSolution
		HideSolutionNode = FALSE
	EndGlobalSection
																													GlobalSection(MonoDevelopProperties) = preSolution
		StartupItem = Assembly-CSharp.csproj
		Policies = $0
		$0.TextStylePolicy = $1
		$1.inheritsSet = null
		$1.scope = text/x-csharp
		$0.CSharpFormattingPolicy = $2
		$2.inheritsSet = Mono
		$2.inheritsScope = text/x-csharp
		$2.scope = text/x-csharp
		$0.TextStylePolicy = $3
		$3.FileWidth = 120
		$3.TabWidth = 4
		$3.EolMarker = Unix
		$3.inheritsSet = Mono
		$3.inheritsScope = text/plain
		$3.scope = text/plain
	EndGlobalSection

EndGlobal
